<?xml version="1.0" encoding="utf-8"?>
<Project ToolsVersion="4.0" xmlns="http://schemas.microsoft.com/developer/msbuild/2003">
  <ItemGroup>
    <Filter Include="include">
      <UniqueIdentifier>{89AF369E-F58E-B539-FEA6-40106A051C9B}</UniqueIdentifier>
    </Filter>
    <Filter Include="include\Hazel">
      <UniqueIdentifier>{4C1119A3-B8D1-94D9-810C-DE56ED8BD9B5}</UniqueIdentifier>
    </Filter>
    <Filter Include="include\Hazel\Events">
      <UniqueIdentifier>{B0CF1C5B-9C5E-A624-457D-BA1F31EBB6CA}</UniqueIdentifier>
    </Filter>
    <Filter Include="include\Platform">
      <UniqueIdentifier>{FD7581F9-E96E-A04B-12A1-85D0FEF87F57}</UniqueIdentifier>
    </Filter>
    <Filter Include="include\Platform\Windows">
      <UniqueIdentifier>{37CD2F6F-23F2-7EEF-4C3D-647F38C17D0D}</UniqueIdentifier>
    </Filter>
    <Filter Include="src">
      <UniqueIdentifier>{2DAB880B-99B4-887C-2230-9F7C8E38947C}</UniqueIdentifier>
    </Filter>
    <Filter Include="src\Hazel">
      <UniqueIdentifier>{F0370AB3-5CA2-BE29-A5E0-6FCF118A9C7E}</UniqueIdentifier>
    </Filter>
    <Filter Include="src\Platform">
      <UniqueIdentifier>{21CA02E5-0D2D-9289-B6B2-CA3FA2F45D0C}</UniqueIdentifier>
    </Filter>
    <Filter Include="src\Platform\Windows">
      <UniqueIdentifier>{5B054582-4794-CE4B-F0B2-E246DC20DFF1}</UniqueIdentifier>
    </Filter>
  </ItemGroup>
  <ItemGroup>
    <ClInclude Include="include\Hazel.h">
      <Filter>include</Filter>
    </ClInclude>
    <ClInclude Include="include\Hazel\Application.h">
      <Filter>include\Hazel</Filter>
    </ClInclude>
    <ClInclude Include="include\Hazel\Core.h">
      <Filter>include\Hazel</Filter>
    </ClInclude>
    <ClInclude Include="include\Hazel\EntryPoint.h">
      <Filter>include\Hazel</Filter>
    </ClInclude>
    <ClInclude Include="include\Hazel\Events\ApplicationEvent.h">
      <Filter>include\Hazel\Events</Filter>
    </ClInclude>
    <ClInclude Include="include\Hazel\Events\Event.h">
      <Filter>include\Hazel\Events</Filter>
    </ClInclude>
    <ClInclude Include="include\Hazel\Events\KeyEvent.h">
      <Filter>include\Hazel\Events</Filter>
    </ClInclude>
    <ClInclude Include="include\Hazel\Events\MouseEvent.h">
      <Filter>include\Hazel\Events</Filter>
    </ClInclude>
    <ClInclude Include="include\Hazel\Log.h">
      <Filter>include\Hazel</Filter>
    </ClInclude>
    <ClInclude Include="include\Hazel\Window.h">
      <Filter>include\Hazel</Filter>
    </ClInclude>
    <ClInclude Include="include\Platform\Windows\WindowsWindow.h">
      <Filter>include\Platform\Windows</Filter>
    </ClInclude>
    <ClInclude Include="include\hzpch.h">
      <Filter>include</Filter>
    </ClInclude>
  </ItemGroup>
  <ItemGroup>
    <ClCompile Include="src\Hazel\Application.cpp">
      <Filter>src\Hazel</Filter>
    </ClCompile>
    <ClCompile Include="src\Hazel\Log.cpp">
      <Filter>src\Hazel</Filter>
    </ClCompile>
    <ClCompile Include="src\Platform\Windows\WindowsWindow.cpp">
      <Filter>src\Platform\Windows</Filter>
    </ClCompile>
    <ClCompile Include="src\hzpch.cpp">
      <Filter>src</Filter>
    </ClCompile>
  </ItemGroup>
</Project>