<?xml version="1.0" encoding="utf-8"?>
<Project ToolsVersion="4.0" xmlns="http://schemas.microsoft.com/developer/msbuild/2003">
  <ItemGroup>
    <Filter Include="include">
      <UniqueIdentifier>{89AF369E-F58E-B539-FEA6-40106A051C9B}</UniqueIdentifier>
    </Filter>
    <Filter Include="include\Hazel">
      <UniqueIdentifier>{4C1119A3-B8D1-94D9-810C-DE56ED8BD9B5}</UniqueIdentifier>
    </Filter>
    <Filter Include="src">
      <UniqueIdentifier>{2DAB880B-99B4-887C-2230-9F7C8E38947C}</UniqueIdentifier>
    </Filter>
    <Filter Include="src\Hazel">
      <UniqueIdentifier>{F0370AB3-5CA2-BE29-A5E0-6FCF118A9C7E}</UniqueIdentifier>
    </Filter>
  </ItemGroup>
  <ItemGroup>
    <ClInclude Include="include\Hazel.h">
      <Filter>include</Filter>
    </ClInclude>
    <ClInclude Include="include\Hazel\Application.h">
      <Filter>include\Hazel</Filter>
    </ClInclude>
    <ClInclude Include="include\Hazel\Core.h">
      <Filter>include\Hazel</Filter>
    </ClInclude>
    <ClInclude Include="include\Hazel\EntryPoint.h">
      <Filter>include\Hazel</Filter>
    </ClInclude>
    <ClInclude Include="include\Hazel\Log.h">
      <Filter>include\Hazel</Filter>
    </ClInclude>
  </ItemGroup>
  <ItemGroup>
    <ClCompile Include="src\Hazel\Application.cpp">
      <Filter>src\Hazel</Filter>
    </ClCompile>
    <ClCompile Include="src\Hazel\Log.cpp">
      <Filter>src\Hazel</Filter>
    </ClCompile>
  </ItemGroup>
</Project>